# THIS IS AN AUTOGENERATED FILE. DO NOT EDIT THIS FILE DIRECTLY.
# yarn lockfile v1


lucide-react@^0.545.0:
  version "0.545.0"
  resolved "https://registry.yarnpkg.com/lucide-react/-/lucide-react-0.545.0.tgz#82affd1b581d358356578dd033e11dd17e6493a0"
  integrity sha512-7r1/yUuflQDSt4f1bpn5ZAocyIxcTyVyBBChSVtBKn5M+392cPmI5YJMWOJKk/HUWGm5wg83chlAZtCcGbEZtw==
